
Microsoft Visual Studio Solution File, Format Version 12.00
# Visual Studio 14
VisualStudioVersion = 14.0.24720.0
MinimumVisualStudioVersion = 10.0.40219.1
Project("{E24C65DC-7377-472B-9ABA-BC803B73C61A}") = "seiryou_PCbu_HP(1)", ".", "{267EB0B9-EA66-452A-AD89-3A99B76920FE}"
	ProjectSection(WebsiteProperties) = preProject
		TargetFrameworkMoniker = ".NETFramework,Version%3Dv4.5.2"
		Debug.AspNetCompiler.VirtualPath = "/localhost_54349"
		Debug.AspNetCompiler.PhysicalPath = "..\seiryou_PCbu_HP\"
		Debug.AspNetCompiler.TargetPath = "PrecompiledWeb\localhost_54349\"
		Debug.AspNetCompiler.Updateable = "true"
		Debug.AspNetCompiler.ForceOverwrite = "true"
		Debug.AspNetCompiler.FixedNames = "false"
		Debug.AspNetCompiler.Debug = "True"
		Release.AspNetCompiler.VirtualPath = "/localhost_54349"
		Release.AspNetCompiler.PhysicalPath = "..\seiryou_PCbu_HP\"
		Release.AspNetCompiler.TargetPath = "PrecompiledWeb\localhost_54349\"
		Release.AspNetCompiler.Updateable = "true"
		Release.AspNetCompiler.ForceOverwrite = "true"
		Release.AspNetCompiler.FixedNames = "false"
		Release.AspNetCompiler.Debug = "False"
		VWDPort = "54355"
		SlnRelativePath = "..\seiryou_PCbu_HP\"
		DefaultWebSiteLanguage = "Visual C#"
	EndProjectSection
EndProject
Global
	GlobalSection(SolutionConfigurationPlatforms) = preSolution
		Debug|Any CPU = Debug|Any CPU
	EndGlobalSection
	GlobalSection(ProjectConfigurationPlatforms) = postSolution
		{267EB0B9-EA66-452A-AD89-3A99B76920FE}.Debug|Any CPU.ActiveCfg = Debug|Any CPU
		{267EB0B9-EA66-452A-AD89-3A99B76920FE}.Debug|Any CPU.Build.0 = Debug|Any CPU
	EndGlobalSection
	GlobalSection(SolutionProperties) = preSolution
		HideSolutionNode = FALSE
	EndGlobalSection
EndGlobal
